// !$*UTF8*$!
{
	archiveVersion = 1;
	classes = {
	};
	objectVersion = 46;
	objects = {

/* Begin PBXBuildFile section */
		313A8E90204524C0003149A3 /* BlockListViewController.swift in Sources */ = {isa = PBXBuildFile; fileRef = 313A8E8F204524C0003149A3 /* BlockListViewController.swift */; };
		313A8E922045BA46003149A3 /* TransitionManager.swift in Sources */ = {isa = PBXBuildFile; fileRef = 313A8E912045BA46003149A3 /* TransitionManager.swift */; };
		313A8E94204606E6003149A3 /* BlockSection.swift in Sources */ = {isa = PBXBuildFile; fileRef = 313A8E93204606E6003149A3 /* BlockSection.swift */; };
		313A8E96204607C9003149A3 /* ExpandableHeaderView.swift in Sources */ = {isa = PBXBuildFile; fileRef = 313A8E95204607C9003149A3 /* ExpandableHeaderView.swift */; };
		314FD1DF20489555002F2359 /* BlocksCellTableViewCell.swift in Sources */ = {isa = PBXBuildFile; fileRef = 314FD1DE20489555002F2359 /* BlocksCellTableViewCell.swift */; };
		31E6955A20479F00004CDD94 /* property3Seconds.png in Resources */ = {isa = PBXBuildFile; fileRef = 31E6954720479F00004CDD94 /* property3Seconds.png */; };
		31E6955B20479F00004CDD94 /* property4Seconds.png in Resources */ = {isa = PBXBuildFile; fileRef = 31E6954820479F00004CDD94 /* property4Seconds.png */; };
		31E6955C20479F00004CDD94 /* property2Seconds.png in Resources */ = {isa = PBXBuildFile; fileRef = 31E6954920479F00004CDD94 /* property2Seconds.png */; };
		31E6955D20479F00004CDD94 /* propertyHalfSecond.png in Resources */ = {isa = PBXBuildFile; fileRef = 31E6954A20479F00004CDD94 /* propertyHalfSecond.png */; };
		31E6955E20479F00004CDD94 /* actionVibrate.png in Resources */ = {isa = PBXBuildFile; fileRef = 31E6954B20479F00004CDD94 /* actionVibrate.png */; };
		31E6955F20479F00004CDD94 /* property1Second.png in Resources */ = {isa = PBXBuildFile; fileRef = 31E6954C20479F00004CDD94 /* property1Second.png */; };
		31E6956020479F00004CDD94 /* propertySam.png in Resources */ = {isa = PBXBuildFile; fileRef = 31E6954E20479F00004CDD94 /* propertySam.png */; };
		31E6956120479F00004CDD94 /* propertyMichelle.png in Resources */ = {isa = PBXBuildFile; fileRef = 31E6954F20479F00004CDD94 /* propertyMichelle.png */; };
		31E6956220479F00004CDD94 /* controlNearFriend.png in Resources */ = {isa = PBXBuildFile; fileRef = 31E6955020479F00004CDD94 /* controlNearFriend.png */; };
		31E6956320479F00004CDD94 /* propertyKira.png in Resources */ = {isa = PBXBuildFile; fileRef = 31E6955120479F00004CDD94 /* propertyKira.png */; };
		31E6956420479F00004CDD94 /* propertyChris.png in Resources */ = {isa = PBXBuildFile; fileRef = 31E6955220479F00004CDD94 /* propertyChris.png */; };
		31E6956520479F00004CDD94 /* propertyVibhor.png in Resources */ = {isa = PBXBuildFile; fileRef = 31E6955320479F00004CDD94 /* propertyVibhor.png */; };
		31E6956620479F00004CDD94 /* propertyRed.png in Resources */ = {isa = PBXBuildFile; fileRef = 31E6955520479F00004CDD94 /* propertyRed.png */; };
		31E6956720479F00004CDD94 /* propertyBlue.png in Resources */ = {isa = PBXBuildFile; fileRef = 31E6955620479F00004CDD94 /* propertyBlue.png */; };
		31E6956820479F00004CDD94 /* propertyGreen.png in Resources */ = {isa = PBXBuildFile; fileRef = 31E6955720479F00004CDD94 /* propertyGreen.png */; };
		31E6956920479F00004CDD94 /* actionLEDs.png in Resources */ = {isa = PBXBuildFile; fileRef = 31E6955820479F00004CDD94 /* actionLEDs.png */; };
		31E6956A20479F00004CDD94 /* propertyYellow.png in Resources */ = {isa = PBXBuildFile; fileRef = 31E6955920479F00004CDD94 /* propertyYellow.png */; };
		32A6ACCF1FA031B3006E34FB /* SecondViewController.swift in Sources */ = {isa = PBXBuildFile; fileRef = 32A6ACCE1FA031B3006E34FB /* SecondViewController.swift */; };
		32E5F29E1FDE3FE0007571EB /* DragDropViewController.swift in Sources */ = {isa = PBXBuildFile; fileRef = 32E5F29D1FDE3FE0007571EB /* DragDropViewController.swift */; };
		32E5F2A61FDE5C83007571EB /* NameText.swift in Sources */ = {isa = PBXBuildFile; fileRef = 32E5F2A51FDE5C83007571EB /* NameText.swift */; };
		32E5F2AC1FDF27A7007571EB /* LableObject.swift in Sources */ = {isa = PBXBuildFile; fileRef = 32E5F2AB1FDF27A7007571EB /* LableObject.swift */; };
		32E5F2AE1FDF2BDB007571EB /* ButtonObject.swift in Sources */ = {isa = PBXBuildFile; fileRef = 32E5F2AD1FDF2BDB007571EB /* ButtonObject.swift */; };
		4FDC35571FE06D0B00C01A8B /* BluetoothHandler.swift in Sources */ = {isa = PBXBuildFile; fileRef = 4FDC35561FE06D0B00C01A8B /* BluetoothHandler.swift */; };
		4FDC355F1FE3950500C01A8B /* AddFriends.swift in Sources */ = {isa = PBXBuildFile; fileRef = 4FDC355E1FE3950500C01A8B /* AddFriends.swift */; };
		4FFEB1261FDF0B4600207EBA /* PickerView.swift in Sources */ = {isa = PBXBuildFile; fileRef = 4FFEB1251FDF0B4600207EBA /* PickerView.swift */; };
		C80679C01CB9B7ED009BCB93 /* AppDelegate.swift in Sources */ = {isa = PBXBuildFile; fileRef = C80679BF1CB9B7ED009BCB93 /* AppDelegate.swift */; };
		C80679C51CB9B7ED009BCB93 /* Main.storyboard in Resources */ = {isa = PBXBuildFile; fileRef = C80679C31CB9B7ED009BCB93 /* Main.storyboard */; };
		C80679C71CB9B7ED009BCB93 /* Assets.xcassets in Resources */ = {isa = PBXBuildFile; fileRef = C80679C61CB9B7ED009BCB93 /* Assets.xcassets */; };
		C80679CA1CB9B7ED009BCB93 /* LaunchScreen.storyboard in Resources */ = {isa = PBXBuildFile; fileRef = C80679C81CB9B7ED009BCB93 /* LaunchScreen.storyboard */; };
		C80679D61CB9C03A009BCB93 /* Device.swift in Sources */ = {isa = PBXBuildFile; fileRef = C80679D51CB9C03A009BCB93 /* Device.swift */; };
/* End PBXBuildFile section */

/* Begin PBXFileReference section */
		313A8E8F204524C0003149A3 /* BlockListViewController.swift */ = {isa = PBXFileReference; lastKnownFileType = sourcecode.swift; path = BlockListViewController.swift; sourceTree = "<group>"; };
		313A8E912045BA46003149A3 /* TransitionManager.swift */ = {isa = PBXFileReference; lastKnownFileType = sourcecode.swift; path = TransitionManager.swift; sourceTree = "<group>"; };
		313A8E93204606E6003149A3 /* BlockSection.swift */ = {isa = PBXFileReference; lastKnownFileType = sourcecode.swift; path = BlockSection.swift; sourceTree = "<group>"; };
		313A8E95204607C9003149A3 /* ExpandableHeaderView.swift */ = {isa = PBXFileReference; lastKnownFileType = sourcecode.swift; path = ExpandableHeaderView.swift; sourceTree = "<group>"; };
		314FD1DE20489555002F2359 /* BlocksCellTableViewCell.swift */ = {isa = PBXFileReference; lastKnownFileType = sourcecode.swift; path = BlocksCellTableViewCell.swift; sourceTree = "<group>"; };
		31E6954720479F00004CDD94 /* property3Seconds.png */ = {isa = PBXFileReference; lastKnownFileType = image.png; path = property3Seconds.png; sourceTree = "<group>"; };
		31E6954820479F00004CDD94 /* property4Seconds.png */ = {isa = PBXFileReference; lastKnownFileType = image.png; path = property4Seconds.png; sourceTree = "<group>"; };
		31E6954920479F00004CDD94 /* property2Seconds.png */ = {isa = PBXFileReference; lastKnownFileType = image.png; path = property2Seconds.png; sourceTree = "<group>"; };
		31E6954A20479F00004CDD94 /* propertyHalfSecond.png */ = {isa = PBXFileReference; lastKnownFileType = image.png; path = propertyHalfSecond.png; sourceTree = "<group>"; };
		31E6954B20479F00004CDD94 /* actionVibrate.png */ = {isa = PBXFileReference; lastKnownFileType = image.png; path = actionVibrate.png; sourceTree = "<group>"; };
		31E6954C20479F00004CDD94 /* property1Second.png */ = {isa = PBXFileReference; lastKnownFileType = image.png; path = property1Second.png; sourceTree = "<group>"; };
		31E6954E20479F00004CDD94 /* propertySam.png */ = {isa = PBXFileReference; lastKnownFileType = image.png; path = propertySam.png; sourceTree = "<group>"; };
		31E6954F20479F00004CDD94 /* propertyMichelle.png */ = {isa = PBXFileReference; lastKnownFileType = image.png; path = propertyMichelle.png; sourceTree = "<group>"; };
		31E6955020479F00004CDD94 /* controlNearFriend.png */ = {isa = PBXFileReference; lastKnownFileType = image.png; path = controlNearFriend.png; sourceTree = "<group>"; };
		31E6955120479F00004CDD94 /* propertyKira.png */ = {isa = PBXFileReference; lastKnownFileType = image.png; path = propertyKira.png; sourceTree = "<group>"; };
		31E6955220479F00004CDD94 /* propertyChris.png */ = {isa = PBXFileReference; lastKnownFileType = image.png; path = propertyChris.png; sourceTree = "<group>"; };
		31E6955320479F00004CDD94 /* propertyVibhor.png */ = {isa = PBXFileReference; lastKnownFileType = image.png; path = propertyVibhor.png; sourceTree = "<group>"; };
		31E6955520479F00004CDD94 /* propertyRed.png */ = {isa = PBXFileReference; lastKnownFileType = image.png; path = propertyRed.png; sourceTree = "<group>"; };
		31E6955620479F00004CDD94 /* propertyBlue.png */ = {isa = PBXFileReference; lastKnownFileType = image.png; path = propertyBlue.png; sourceTree = "<group>"; };
		31E6955720479F00004CDD94 /* propertyGreen.png */ = {isa = PBXFileReference; lastKnownFileType = image.png; path = propertyGreen.png; sourceTree = "<group>"; };
		31E6955820479F00004CDD94 /* actionLEDs.png */ = {isa = PBXFileReference; lastKnownFileType = image.png; path = actionLEDs.png; sourceTree = "<group>"; };
		31E6955920479F00004CDD94 /* propertyYellow.png */ = {isa = PBXFileReference; lastKnownFileType = image.png; path = propertyYellow.png; sourceTree = "<group>"; };
		32A6ACCE1FA031B3006E34FB /* SecondViewController.swift */ = {isa = PBXFileReference; lastKnownFileType = sourcecode.swift; path = SecondViewController.swift; sourceTree = "<group>"; };
		32E5F29D1FDE3FE0007571EB /* DragDropViewController.swift */ = {isa = PBXFileReference; lastKnownFileType = sourcecode.swift; path = DragDropViewController.swift; sourceTree = "<group>"; };
		32E5F2A51FDE5C83007571EB /* NameText.swift */ = {isa = PBXFileReference; lastKnownFileType = sourcecode.swift; path = NameText.swift; sourceTree = "<group>"; };
		32E5F2AB1FDF27A7007571EB /* LableObject.swift */ = {isa = PBXFileReference; lastKnownFileType = sourcecode.swift; path = LableObject.swift; sourceTree = "<group>"; };
		32E5F2AD1FDF2BDB007571EB /* ButtonObject.swift */ = {isa = PBXFileReference; lastKnownFileType = sourcecode.swift; path = ButtonObject.swift; sourceTree = "<group>"; };
		4FDC35561FE06D0B00C01A8B /* BluetoothHandler.swift */ = {isa = PBXFileReference; lastKnownFileType = sourcecode.swift; path = BluetoothHandler.swift; sourceTree = "<group>"; };
		4FDC355E1FE3950500C01A8B /* AddFriends.swift */ = {isa = PBXFileReference; lastKnownFileType = sourcecode.swift; path = AddFriends.swift; sourceTree = "<group>"; };
		4FFEB1251FDF0B4600207EBA /* PickerView.swift */ = {isa = PBXFileReference; lastKnownFileType = sourcecode.swift; path = PickerView.swift; sourceTree = "<group>"; };
		C80679BC1CB9B7ED009BCB93 /* BLETemperatureReaderSwift.app */ = {isa = PBXFileReference; explicitFileType = wrapper.application; includeInIndex = 0; path = BLETemperatureReaderSwift.app; sourceTree = BUILT_PRODUCTS_DIR; };
		C80679BF1CB9B7ED009BCB93 /* AppDelegate.swift */ = {isa = PBXFileReference; lastKnownFileType = sourcecode.swift; path = AppDelegate.swift; sourceTree = "<group>"; };
		C80679C41CB9B7ED009BCB93 /* Base */ = {isa = PBXFileReference; lastKnownFileType = file.storyboard; name = Base; path = Base.lproj/Main.storyboard; sourceTree = "<group>"; };
		C80679C61CB9B7ED009BCB93 /* Assets.xcassets */ = {isa = PBXFileReference; lastKnownFileType = folder.assetcatalog; path = Assets.xcassets; sourceTree = "<group>"; };
		C80679C91CB9B7ED009BCB93 /* Base */ = {isa = PBXFileReference; lastKnownFileType = file.storyboard; name = Base; path = Base.lproj/LaunchScreen.storyboard; sourceTree = "<group>"; };
		C80679CB1CB9B7ED009BCB93 /* Info.plist */ = {isa = PBXFileReference; lastKnownFileType = text.plist.xml; path = Info.plist; sourceTree = "<group>"; };
		C80679D51CB9C03A009BCB93 /* Device.swift */ = {isa = PBXFileReference; fileEncoding = 4; lastKnownFileType = sourcecode.swift; path = Device.swift; sourceTree = "<group>"; };
/* End PBXFileReference section */

/* Begin PBXFrameworksBuildPhase section */
		C80679B91CB9B7ED009BCB93 /* Frameworks */ = {
			isa = PBXFrameworksBuildPhase;
			buildActionMask = 2147483647;
			files = (
			);
			runOnlyForDeploymentPostprocessing = 0;
		};
/* End PBXFrameworksBuildPhase section */

/* Begin PBXGroup section */
		3102D4E0204628F200BCE981 /* Blocks */ = {
			isa = PBXGroup;
			children = (
				313A8E8F204524C0003149A3 /* BlockListViewController.swift */,
				314FD1DE20489555002F2359 /* BlocksCellTableViewCell.swift */,
				313A8E93204606E6003149A3 /* BlockSection.swift */,
				313A8E95204607C9003149A3 /* ExpandableHeaderView.swift */,
			);
			path = Blocks;
			sourceTree = "<group>";
		};
		31E6954420479EE6004CDD94 /* Images */ = {
			isa = PBXGroup;
			children = (
				31E6954520479F00004CDD94 /* blocks_with_words */,
			);
			path = Images;
			sourceTree = "<group>";
		};
		31E6954520479F00004CDD94 /* blocks_with_words */ = {
			isa = PBXGroup;
			children = (
				31E6954D20479F00004CDD94 /* ifThenControlBlock */,
				31E6954620479F00004CDD94 /* Vibration */,
				31E6955420479F00004CDD94 /* LEDs */,
			);
			path = blocks_with_words;
			sourceTree = "<group>";
		};
		31E6954620479F00004CDD94 /* Vibration */ = {
			isa = PBXGroup;
			children = (
				31E6954720479F00004CDD94 /* property3Seconds.png */,
				31E6954820479F00004CDD94 /* property4Seconds.png */,
				31E6954920479F00004CDD94 /* property2Seconds.png */,
				31E6954A20479F00004CDD94 /* propertyHalfSecond.png */,
				31E6954B20479F00004CDD94 /* actionVibrate.png */,
				31E6954C20479F00004CDD94 /* property1Second.png */,
			);
			path = Vibration;
			sourceTree = "<group>";
		};
		31E6954D20479F00004CDD94 /* ifThenControlBlock */ = {
			isa = PBXGroup;
			children = (
				31E6954E20479F00004CDD94 /* propertySam.png */,
				31E6954F20479F00004CDD94 /* propertyMichelle.png */,
				31E6955020479F00004CDD94 /* controlNearFriend.png */,
				31E6955120479F00004CDD94 /* propertyKira.png */,
				31E6955220479F00004CDD94 /* propertyChris.png */,
				31E6955320479F00004CDD94 /* propertyVibhor.png */,
			);
			path = ifThenControlBlock;
			sourceTree = "<group>";
		};
		31E6955420479F00004CDD94 /* LEDs */ = {
			isa = PBXGroup;
			children = (
				31E6955520479F00004CDD94 /* propertyRed.png */,
				31E6955620479F00004CDD94 /* propertyBlue.png */,
				31E6955720479F00004CDD94 /* propertyGreen.png */,
				31E6955820479F00004CDD94 /* actionLEDs.png */,
				31E6955920479F00004CDD94 /* propertyYellow.png */,
			);
			path = LEDs;
			sourceTree = "<group>";
		};
		C80679B31CB9B7ED009BCB93 = {
			isa = PBXGroup;
			children = (
				C80679BE1CB9B7ED009BCB93 /* BLETemperatureReaderSwift */,
				C80679BD1CB9B7ED009BCB93 /* Products */,
			);
			sourceTree = "<group>";
		};
		C80679BD1CB9B7ED009BCB93 /* Products */ = {
			isa = PBXGroup;
			children = (
				C80679BC1CB9B7ED009BCB93 /* BLETemperatureReaderSwift.app */,
			);
			name = Products;
			sourceTree = "<group>";
		};
		C80679BE1CB9B7ED009BCB93 /* BLETemperatureReaderSwift */ = {
			isa = PBXGroup;
			children = (
				3102D4E0204628F200BCE981 /* Blocks */,
				31E6954420479EE6004CDD94 /* Images */,
				C80679D51CB9C03A009BCB93 /* Device.swift */,
				C80679BF1CB9B7ED009BCB93 /* AppDelegate.swift */,
				C80679C31CB9B7ED009BCB93 /* Main.storyboard */,
				313A8E912045BA46003149A3 /* TransitionManager.swift */,
				32E5F29D1FDE3FE0007571EB /* DragDropViewController.swift */,
				4FDC355E1FE3950500C01A8B /* AddFriends.swift */,
				4FDC35561FE06D0B00C01A8B /* BluetoothHandler.swift */,
				32E5F2AD1FDF2BDB007571EB /* ButtonObject.swift */,
				32E5F2AB1FDF27A7007571EB /* LableObject.swift */,
				4FFEB1251FDF0B4600207EBA /* PickerView.swift */,
				32E5F2A51FDE5C83007571EB /* NameText.swift */,
				C80679C61CB9B7ED009BCB93 /* Assets.xcassets */,
				C80679C81CB9B7ED009BCB93 /* LaunchScreen.storyboard */,
				C80679CB1CB9B7ED009BCB93 /* Info.plist */,
				32A6ACCE1FA031B3006E34FB /* SecondViewController.swift */,
			);
			path = BLETemperatureReaderSwift;
			sourceTree = "<group>";
		};
/* End PBXGroup section */

/* Begin PBXNativeTarget section */
		C80679BB1CB9B7ED009BCB93 /* BLETemperatureReaderSwift */ = {
			isa = PBXNativeTarget;
			buildConfigurationList = C80679CE1CB9B7ED009BCB93 /* Build configuration list for PBXNativeTarget "BLETemperatureReaderSwift" */;
			buildPhases = (
				C8005C8A1D39920B0000F8BA /* ShellScript */,
				C80679B81CB9B7ED009BCB93 /* Sources */,
				C80679B91CB9B7ED009BCB93 /* Frameworks */,
				C80679BA1CB9B7ED009BCB93 /* Resources */,
			);
			buildRules = (
			);
			dependencies = (
			);
			name = BLETemperatureReaderSwift;
			productName = iOSRemoteConfBLEDemo;
			productReference = C80679BC1CB9B7ED009BCB93 /* BLETemperatureReaderSwift.app */;
			productType = "com.apple.product-type.application";
		};
/* End PBXNativeTarget section */

/* Begin PBXProject section */
		C80679B41CB9B7ED009BCB93 /* Project object */ = {
			isa = PBXProject;
			attributes = {
				LastSwiftUpdateCheck = 0730;
				LastUpgradeCheck = 0920;
				ORGANIZATIONNAME = "Cloud City";
				TargetAttributes = {
					C80679BB1CB9B7ED009BCB93 = {
						CreatedOnToolsVersion = 7.3;
						DevelopmentTeam = 47Q5JN7XR6;
						LastSwiftMigration = 0920;
					};
				};
			};
			buildConfigurationList = C80679B71CB9B7ED009BCB93 /* Build configuration list for PBXProject "BLETemperatureReaderSwift I have no idea whether it will work" */;
			compatibilityVersion = "Xcode 3.2";
			developmentRegion = English;
			hasScannedForEncodings = 0;
			knownRegions = (
				en,
				Base,
			);
			mainGroup = C80679B31CB9B7ED009BCB93;
			productRefGroup = C80679BD1CB9B7ED009BCB93 /* Products */;
			projectDirPath = "";
			projectRoot = "";
			targets = (
				C80679BB1CB9B7ED009BCB93 /* BLETemperatureReaderSwift */,
			);
		};
/* End PBXProject section */

/* Begin PBXResourcesBuildPhase section */
		C80679BA1CB9B7ED009BCB93 /* Resources */ = {
			isa = PBXResourcesBuildPhase;
			buildActionMask = 2147483647;
			files = (
				C80679CA1CB9B7ED009BCB93 /* LaunchScreen.storyboard in Resources */,
				31E6956320479F00004CDD94 /* propertyKira.png in Resources */,
				31E6956620479F00004CDD94 /* propertyRed.png in Resources */,
				31E6956420479F00004CDD94 /* propertyChris.png in Resources */,
				31E6956820479F00004CDD94 /* propertyGreen.png in Resources */,
				C80679C71CB9B7ED009BCB93 /* Assets.xcassets in Resources */,
				31E6956920479F00004CDD94 /* actionLEDs.png in Resources */,
				31E6955A20479F00004CDD94 /* property3Seconds.png in Resources */,
				31E6956520479F00004CDD94 /* propertyVibhor.png in Resources */,
				31E6955C20479F00004CDD94 /* property2Seconds.png in Resources */,
				31E6956A20479F00004CDD94 /* propertyYellow.png in Resources */,
				31E6956120479F00004CDD94 /* propertyMichelle.png in Resources */,
				31E6955D20479F00004CDD94 /* propertyHalfSecond.png in Resources */,
				C80679C51CB9B7ED009BCB93 /* Main.storyboard in Resources */,
				31E6956020479F00004CDD94 /* propertySam.png in Resources */,
				31E6955B20479F00004CDD94 /* property4Seconds.png in Resources */,
				31E6955E20479F00004CDD94 /* actionVibrate.png in Resources */,
				31E6955F20479F00004CDD94 /* property1Second.png in Resources */,
				31E6956720479F00004CDD94 /* propertyBlue.png in Resources */,
				31E6956220479F00004CDD94 /* controlNearFriend.png in Resources */,
			);
			runOnlyForDeploymentPostprocessing = 0;
		};
/* End PBXResourcesBuildPhase section */

/* Begin PBXShellScriptBuildPhase section */
		C8005C8A1D39920B0000F8BA /* ShellScript */ = {
			isa = PBXShellScriptBuildPhase;
			buildActionMask = 2147483647;
			files = (
			);
			inputPaths = (
			);
			outputPaths = (
			);
			runOnlyForDeploymentPostprocessing = 0;
			shellPath = /bin/sh;
			shellScript = "if [ $CONFIGURATION == Release ]; then\necho \"Bumping build number...\"\nplist=${PROJECT_DIR}/${INFOPLIST_FILE}\n\n# increment the build number (ie 115 to 116)\nbuildnum=$(/usr/libexec/PlistBuddy -c \"Print CFBundleVersion\" \"${plist}\")\nif [[ \"${buildnum}\" == \"\" ]]; then\necho \"No build number in $plist\"\nexit 2\nfi\n\nbuildnum=$(expr $buildnum + 1)\n/usr/libexec/Plistbuddy -c \"Set CFBundleVersion $buildnum\" \"${plist}\"\necho \"Bumped build number to $buildnum\"\n\nelse\necho $CONFIGURATION \" build - Not bumping build number.\"\nfi";
		};
/* End PBXShellScriptBuildPhase section */

/* Begin PBXSourcesBuildPhase section */
		C80679B81CB9B7ED009BCB93 /* Sources */ = {
			isa = PBXSourcesBuildPhase;
			buildActionMask = 2147483647;
			files = (
				313A8E922045BA46003149A3 /* TransitionManager.swift in Sources */,
				314FD1DF20489555002F2359 /* BlocksCellTableViewCell.swift in Sources */,
				313A8E96204607C9003149A3 /* ExpandableHeaderView.swift in Sources */,
				32E5F2AE1FDF2BDB007571EB /* ButtonObject.swift in Sources */,
				32A6ACCF1FA031B3006E34FB /* SecondViewController.swift in Sources */,
				4FDC355F1FE3950500C01A8B /* AddFriends.swift in Sources */,
				32E5F29E1FDE3FE0007571EB /* DragDropViewController.swift in Sources */,
				313A8E90204524C0003149A3 /* BlockListViewController.swift in Sources */,
				4FFEB1261FDF0B4600207EBA /* PickerView.swift in Sources */,
				313A8E94204606E6003149A3 /* BlockSection.swift in Sources */,
				C80679D61CB9C03A009BCB93 /* Device.swift in Sources */,
				C80679C01CB9B7ED009BCB93 /* AppDelegate.swift in Sources */,
				32E5F2AC1FDF27A7007571EB /* LableObject.swift in Sources */,
				32E5F2A61FDE5C83007571EB /* NameText.swift in Sources */,
				4FDC35571FE06D0B00C01A8B /* BluetoothHandler.swift in Sources */,
			);
			runOnlyForDeploymentPostprocessing = 0;
		};
/* End PBXSourcesBuildPhase section */

/* Begin PBXVariantGroup section */
		C80679C31CB9B7ED009BCB93 /* Main.storyboard */ = {
			isa = PBXVariantGroup;
			children = (
				C80679C41CB9B7ED009BCB93 /* Base */,
			);
			name = Main.storyboard;
			sourceTree = "<group>";
		};
		C80679C81CB9B7ED009BCB93 /* LaunchScreen.storyboard */ = {
			isa = PBXVariantGroup;
			children = (
				C80679C91CB9B7ED009BCB93 /* Base */,
			);
			name = LaunchScreen.storyboard;
			sourceTree = "<group>";
		};
/* End PBXVariantGroup section */

/* Begin XCBuildConfiguration section */
		C80679CC1CB9B7ED009BCB93 /* Debug */ = {
			isa = XCBuildConfiguration;
			buildSettings = {
				ALWAYS_SEARCH_USER_PATHS = NO;
				CLANG_ANALYZER_NONNULL = YES;
				CLANG_CXX_LANGUAGE_STANDARD = "gnu++0x";
				CLANG_CXX_LIBRARY = "libc++";
				CLANG_ENABLE_MODULES = YES;
				CLANG_ENABLE_OBJC_ARC = YES;
				CLANG_WARN_BLOCK_CAPTURE_AUTORELEASING = YES;
				CLANG_WARN_BOOL_CONVERSION = YES;
				CLANG_WARN_COMMA = YES;
				CLANG_WARN_CONSTANT_CONVERSION = YES;
				CLANG_WARN_DIRECT_OBJC_ISA_USAGE = YES_ERROR;
				CLANG_WARN_EMPTY_BODY = YES;
				CLANG_WARN_ENUM_CONVERSION = YES;
				CLANG_WARN_INFINITE_RECURSION = YES;
				CLANG_WARN_INT_CONVERSION = YES;
				CLANG_WARN_NON_LITERAL_NULL_CONVERSION = YES;
				CLANG_WARN_OBJC_LITERAL_CONVERSION = YES;
				CLANG_WARN_OBJC_ROOT_CLASS = YES_ERROR;
				CLANG_WARN_RANGE_LOOP_ANALYSIS = YES;
				CLANG_WARN_STRICT_PROTOTYPES = YES;
				CLANG_WARN_SUSPICIOUS_MOVE = YES;
				CLANG_WARN_UNREACHABLE_CODE = YES;
				CLANG_WARN__DUPLICATE_METHOD_MATCH = YES;
				"CODE_SIGN_IDENTITY[sdk=iphoneos*]" = "iPhone Developer";
				COPY_PHASE_STRIP = NO;
				DEBUG_INFORMATION_FORMAT = dwarf;
				ENABLE_STRICT_OBJC_MSGSEND = YES;
				ENABLE_TESTABILITY = YES;
				GCC_C_LANGUAGE_STANDARD = gnu99;
				GCC_DYNAMIC_NO_PIC = NO;
				GCC_NO_COMMON_BLOCKS = YES;
				GCC_OPTIMIZATION_LEVEL = 0;
				GCC_PREPROCESSOR_DEFINITIONS = (
					"DEBUG=1",
					"$(inherited)",
				);
				GCC_WARN_64_TO_32_BIT_CONVERSION = YES;
				GCC_WARN_ABOUT_RETURN_TYPE = YES_ERROR;
				GCC_WARN_UNDECLARED_SELECTOR = YES;
				GCC_WARN_UNINITIALIZED_AUTOS = YES_AGGRESSIVE;
				GCC_WARN_UNUSED_FUNCTION = YES;
				GCC_WARN_UNUSED_VARIABLE = YES;
				IPHONEOS_DEPLOYMENT_TARGET = 9.3;
				MTL_ENABLE_DEBUG_INFO = YES;
				ONLY_ACTIVE_ARCH = YES;
				SDKROOT = iphoneos;
				SWIFT_OPTIMIZATION_LEVEL = "-Onone";
			};
			name = Debug;
		};
		C80679CD1CB9B7ED009BCB93 /* Release */ = {
			isa = XCBuildConfiguration;
			buildSettings = {
				ALWAYS_SEARCH_USER_PATHS = NO;
				CLANG_ANALYZER_NONNULL = YES;
				CLANG_CXX_LANGUAGE_STANDARD = "gnu++0x";
				CLANG_CXX_LIBRARY = "libc++";
				CLANG_ENABLE_MODULES = YES;
				CLANG_ENABLE_OBJC_ARC = YES;
				CLANG_WARN_BLOCK_CAPTURE_AUTORELEASING = YES;
				CLANG_WARN_BOOL_CONVERSION = YES;
				CLANG_WARN_COMMA = YES;
				CLANG_WARN_CONSTANT_CONVERSION = YES;
				CLANG_WARN_DIRECT_OBJC_ISA_USAGE = YES_ERROR;
				CLANG_WARN_EMPTY_BODY = YES;
				CLANG_WARN_ENUM_CONVERSION = YES;
				CLANG_WARN_INFINITE_RECURSION = YES;
				CLANG_WARN_INT_CONVERSION = YES;
				CLANG_WARN_NON_LITERAL_NULL_CONVERSION = YES;
				CLANG_WARN_OBJC_LITERAL_CONVERSION = YES;
				CLANG_WARN_OBJC_ROOT_CLASS = YES_ERROR;
				CLANG_WARN_RANGE_LOOP_ANALYSIS = YES;
				CLANG_WARN_STRICT_PROTOTYPES = YES;
				CLANG_WARN_SUSPICIOUS_MOVE = YES;
				CLANG_WARN_UNREACHABLE_CODE = YES;
				CLANG_WARN__DUPLICATE_METHOD_MATCH = YES;
				"CODE_SIGN_IDENTITY[sdk=iphoneos*]" = "iPhone Developer";
				COPY_PHASE_STRIP = NO;
				DEBUG_INFORMATION_FORMAT = "dwarf-with-dsym";
				ENABLE_NS_ASSERTIONS = NO;
				ENABLE_STRICT_OBJC_MSGSEND = YES;
				GCC_C_LANGUAGE_STANDARD = gnu99;
				GCC_NO_COMMON_BLOCKS = YES;
				GCC_WARN_64_TO_32_BIT_CONVERSION = YES;
				GCC_WARN_ABOUT_RETURN_TYPE = YES_ERROR;
				GCC_WARN_UNDECLARED_SELECTOR = YES;
				GCC_WARN_UNINITIALIZED_AUTOS = YES_AGGRESSIVE;
				GCC_WARN_UNUSED_FUNCTION = YES;
				GCC_WARN_UNUSED_VARIABLE = YES;
				IPHONEOS_DEPLOYMENT_TARGET = 9.3;
				MTL_ENABLE_DEBUG_INFO = NO;
				SDKROOT = iphoneos;
				SWIFT_OPTIMIZATION_LEVEL = "-Owholemodule";
				VALIDATE_PRODUCT = YES;
			};
			name = Release;
		};
		C80679CF1CB9B7ED009BCB93 /* Debug */ = {
			isa = XCBuildConfiguration;
			buildSettings = {
				ASSETCATALOG_COMPILER_APPICON_NAME = AppIcon;
				DEVELOPMENT_TEAM = 47Q5JN7XR6;
				INFOPLIST_FILE = BLETemperatureReaderSwift/Info.plist;
				LD_RUNPATH_SEARCH_PATHS = "$(inherited) @executable_path/Frameworks";
				PRODUCT_BUNDLE_IDENTIFIER = io.cloudcity.loop;
				PRODUCT_NAME = BLETemperatureReaderSwift;
				SWIFT_SWIFT3_OBJC_INFERENCE = On;
				SWIFT_VERSION = 4.0;
			};
			name = Debug;
		};
		C80679D01CB9B7ED009BCB93 /* Release */ = {
			isa = XCBuildConfiguration;
			buildSettings = {
				ASSETCATALOG_COMPILER_APPICON_NAME = AppIcon;
				DEVELOPMENT_TEAM = 47Q5JN7XR6;
				INFOPLIST_FILE = BLETemperatureReaderSwift/Info.plist;
				LD_RUNPATH_SEARCH_PATHS = "$(inherited) @executable_path/Frameworks";
				PRODUCT_BUNDLE_IDENTIFIER = io.cloudcity.loop;
				PRODUCT_NAME = BLETemperatureReaderSwift;
				SWIFT_SWIFT3_OBJC_INFERENCE = On;
				SWIFT_VERSION = 4.0;
			};
			name = Release;
		};
/* End XCBuildConfiguration section */

/* Begin XCConfigurationList section */
		C80679B71CB9B7ED009BCB93 /* Build configuration list for PBXProject "BLETemperatureReaderSwift I have no idea whether it will work" */ = {
			isa = XCConfigurationList;
			buildConfigurations = (
				C80679CC1CB9B7ED009BCB93 /* Debug */,
				C80679CD1CB9B7ED009BCB93 /* Release */,
			);
			defaultConfigurationIsVisible = 0;
			defaultConfigurationName = Release;
		};
		C80679CE1CB9B7ED009BCB93 /* Build configuration list for PBXNativeTarget "BLETemperatureReaderSwift" */ = {
			isa = XCConfigurationList;
			buildConfigurations = (
				C80679CF1CB9B7ED009BCB93 /* Debug */,
				C80679D01CB9B7ED009BCB93 /* Release */,
			);
			defaultConfigurationIsVisible = 0;
			defaultConfigurationName = Release;
		};
/* End XCConfigurationList section */
	};
	rootObject = C80679B41CB9B7ED009BCB93 /* Project object */;
}
